
Microsoft Visual Studio Solution File, Format Version 12.00
# Visual Studio Version 17
VisualStudioVersion = 17.8.34316.72
MinimumVisualStudioVersion = 10.0.40219.1
Project("{FAE04EC0-301F-11D3-BF4B-00C04F79EFBC}") = "LivrosBGFKLM", "LivrosBGFKLM\LivrosBGFKLM.csproj", "{8C354ADB-F57C-4057-A023-6E15E8189B0C}"
EndProject
Global
	GlobalSection(SolutionConfigurationPlatforms) = preSolution
		Debug|Any CPU = Debug|Any CPU
		Release|Any CPU = Release|Any CPU
	EndGlobalSection
	GlobalSection(ProjectConfigurationPlatforms) = postSolution
		{8C354ADB-F57C-4057-A023-6E15E8189B0C}.Debug|Any CPU.ActiveCfg = Debug|Any CPU
		{8C354ADB-F57C-4057-A023-6E15E8189B0C}.Debug|Any CPU.Build.0 = Debug|Any CPU
		{8C354ADB-F57C-4057-A023-6E15E8189B0C}.Release|Any CPU.ActiveCfg = Release|Any CPU
		{8C354ADB-F57C-4057-A023-6E15E8189B0C}.Release|Any CPU.Build.0 = Release|Any CPU
	EndGlobalSection
	GlobalSection(SolutionProperties) = preSolution
		HideSolutionNode = FALSE
	EndGlobalSection
	GlobalSection(ExtensibilityGlobals) = postSolution
		SolutionGuid = {671A4309-7AD2-464C-8935-1517FA3BBC47}
	EndGlobalSection
EndGlobal
